
Microsoft Visual Studio Solution File, Format Version 12.00
Project("{FAE04EC0-301F-11D3-BF4B-00C04F79EFBC}") = "Osnovanie.Api", "src\Osnovanie.Api\Osnovanie.Api.csproj", "{403C4E36-3004-4AF2-AF6A-97DA5BB6102D}"
EndProject
Project("{FAE04EC0-301F-11D3-BF4B-00C04F79EFBC}") = "Osnovanie.Infrastructure", "src\Osnovanie.Infrastructure\Osnovanie.Infrastructure.csproj", "{57AD2964-2862-43D3-AF28-DDF23903BF0B}"
EndProject
Project("{2150E333-8FDC-42A3-9474-1A3956D46DE8}") = "src", "src", "{D62CB018-4A5E-45A9-9861-F808DEDC43C3}"
EndProject
Project("{FAE04EC0-301F-11D3-BF4B-00C04F79EFBC}") = "Osnovanie.Modules.Auth", "src\Modules\Osnovanie.Modules.Auth\Osnovanie.Modules.Auth.csproj", "{45C67761-AFEC-412C-A5BF-320B123A198B}"
EndProject
Project("{2150E333-8FDC-42A3-9474-1A3956D46DE8}") = "SolutionItems", "SolutionItems", "{BB979A7B-AAF4-4D72-BAA2-DC8D9FA70E68}"
	ProjectSection(SolutionItems) = preProject
		Directory.Packages.props = Directory.Packages.props
	EndProjectSection
EndProject
Project("{FAE04EC0-301F-11D3-BF4B-00C04F79EFBC}") = "Osnovanie.Modules.Lavke", "src\Modules\Osnovanie.Modules.Lavke\Osnovanie.Modules.Lavke.csproj", "{4D062A2E-4BD6-4403-BC97-F54B69F1C755}"
EndProject
Project("{FAE04EC0-301F-11D3-BF4B-00C04F79EFBC}") = "Osnovanie.Modules.VDele", "src\Modules\Osnovanie.Modules.VDele\Osnovanie.Modules.VDele.csproj", "{3394F0BC-39E3-43E0-9B7F-F15E3CACCBD5}"
EndProject
Project("{FAE04EC0-301F-11D3-BF4B-00C04F79EFBC}") = "Osnovanie.Shared", "src\Osnovanie.Shared\Osnovanie.Shared.csproj", "{297588F4-3F17-497F-9DCC-4E10CE5FA589}"
EndProject
Global
	GlobalSection(SolutionConfigurationPlatforms) = preSolution
		Debug|Any CPU = Debug|Any CPU
		Debug|x64 = Debug|x64
		Debug|x86 = Debug|x86
		Release|Any CPU = Release|Any CPU
		Release|x64 = Release|x64
		Release|x86 = Release|x86
	EndGlobalSection
	GlobalSection(ProjectConfigurationPlatforms) = postSolution
		{403C4E36-3004-4AF2-AF6A-97DA5BB6102D}.Debug|Any CPU.ActiveCfg = Debug|Any CPU
		{403C4E36-3004-4AF2-AF6A-97DA5BB6102D}.Debug|Any CPU.Build.0 = Debug|Any CPU
		{403C4E36-3004-4AF2-AF6A-97DA5BB6102D}.Debug|x64.ActiveCfg = Debug|Any CPU
		{403C4E36-3004-4AF2-AF6A-97DA5BB6102D}.Debug|x64.Build.0 = Debug|Any CPU
		{403C4E36-3004-4AF2-AF6A-97DA5BB6102D}.Debug|x86.ActiveCfg = Debug|Any CPU
		{403C4E36-3004-4AF2-AF6A-97DA5BB6102D}.Debug|x86.Build.0 = Debug|Any CPU
		{403C4E36-3004-4AF2-AF6A-97DA5BB6102D}.Release|Any CPU.ActiveCfg = Release|Any CPU
		{403C4E36-3004-4AF2-AF6A-97DA5BB6102D}.Release|Any CPU.Build.0 = Release|Any CPU
		{403C4E36-3004-4AF2-AF6A-97DA5BB6102D}.Release|x64.ActiveCfg = Release|Any CPU
		{403C4E36-3004-4AF2-AF6A-97DA5BB6102D}.Release|x64.Build.0 = Release|Any CPU
		{403C4E36-3004-4AF2-AF6A-97DA5BB6102D}.Release|x86.ActiveCfg = Release|Any CPU
		{403C4E36-3004-4AF2-AF6A-97DA5BB6102D}.Release|x86.Build.0 = Release|Any CPU
		{57AD2964-2862-43D3-AF28-DDF23903BF0B}.Debug|Any CPU.ActiveCfg = Debug|Any CPU
		{57AD2964-2862-43D3-AF28-DDF23903BF0B}.Debug|Any CPU.Build.0 = Debug|Any CPU
		{57AD2964-2862-43D3-AF28-DDF23903BF0B}.Debug|x64.ActiveCfg = Debug|Any CPU
		{57AD2964-2862-43D3-AF28-DDF23903BF0B}.Debug|x64.Build.0 = Debug|Any CPU
		{57AD2964-2862-43D3-AF28-DDF23903BF0B}.Debug|x86.ActiveCfg = Debug|Any CPU
		{57AD2964-2862-43D3-AF28-DDF23903BF0B}.Debug|x86.Build.0 = Debug|Any CPU
		{57AD2964-2862-43D3-AF28-DDF23903BF0B}.Release|Any CPU.ActiveCfg = Release|Any CPU
		{57AD2964-2862-43D3-AF28-DDF23903BF0B}.Release|Any CPU.Build.0 = Release|Any CPU
		{57AD2964-2862-43D3-AF28-DDF23903BF0B}.Release|x64.ActiveCfg = Release|Any CPU
		{57AD2964-2862-43D3-AF28-DDF23903BF0B}.Release|x64.Build.0 = Release|Any CPU
		{57AD2964-2862-43D3-AF28-DDF23903BF0B}.Release|x86.ActiveCfg = Release|Any CPU
		{57AD2964-2862-43D3-AF28-DDF23903BF0B}.Release|x86.Build.0 = Release|Any CPU
		{45C67761-AFEC-412C-A5BF-320B123A198B}.Debug|Any CPU.ActiveCfg = Debug|Any CPU
		{45C67761-AFEC-412C-A5BF-320B123A198B}.Debug|Any CPU.Build.0 = Debug|Any CPU
		{45C67761-AFEC-412C-A5BF-320B123A198B}.Debug|x64.ActiveCfg = Debug|Any CPU
		{45C67761-AFEC-412C-A5BF-320B123A198B}.Debug|x64.Build.0 = Debug|Any CPU
		{45C67761-AFEC-412C-A5BF-320B123A198B}.Debug|x86.ActiveCfg = Debug|Any CPU
		{45C67761-AFEC-412C-A5BF-320B123A198B}.Debug|x86.Build.0 = Debug|Any CPU
		{45C67761-AFEC-412C-A5BF-320B123A198B}.Release|Any CPU.ActiveCfg = Release|Any CPU
		{45C67761-AFEC-412C-A5BF-320B123A198B}.Release|Any CPU.Build.0 = Release|Any CPU
		{45C67761-AFEC-412C-A5BF-320B123A198B}.Release|x64.ActiveCfg = Release|Any CPU
		{45C67761-AFEC-412C-A5BF-320B123A198B}.Release|x64.Build.0 = Release|Any CPU
		{45C67761-AFEC-412C-A5BF-320B123A198B}.Release|x86.ActiveCfg = Release|Any CPU
		{45C67761-AFEC-412C-A5BF-320B123A198B}.Release|x86.Build.0 = Release|Any CPU
		{4D062A2E-4BD6-4403-BC97-F54B69F1C755}.Debug|Any CPU.ActiveCfg = Debug|Any CPU
		{4D062A2E-4BD6-4403-BC97-F54B69F1C755}.Debug|Any CPU.Build.0 = Debug|Any CPU
		{4D062A2E-4BD6-4403-BC97-F54B69F1C755}.Debug|x64.ActiveCfg = Debug|Any CPU
		{4D062A2E-4BD6-4403-BC97-F54B69F1C755}.Debug|x64.Build.0 = Debug|Any CPU
		{4D062A2E-4BD6-4403-BC97-F54B69F1C755}.Debug|x86.ActiveCfg = Debug|Any CPU
		{4D062A2E-4BD6-4403-BC97-F54B69F1C755}.Debug|x86.Build.0 = Debug|Any CPU
		{4D062A2E-4BD6-4403-BC97-F54B69F1C755}.Release|Any CPU.ActiveCfg = Release|Any CPU
		{4D062A2E-4BD6-4403-BC97-F54B69F1C755}.Release|Any CPU.Build.0 = Release|Any CPU
		{4D062A2E-4BD6-4403-BC97-F54B69F1C755}.Release|x64.ActiveCfg = Release|Any CPU
		{4D062A2E-4BD6-4403-BC97-F54B69F1C755}.Release|x64.Build.0 = Release|Any CPU
		{4D062A2E-4BD6-4403-BC97-F54B69F1C755}.Release|x86.ActiveCfg = Release|Any CPU
		{4D062A2E-4BD6-4403-BC97-F54B69F1C755}.Release|x86.Build.0 = Release|Any CPU
		{3394F0BC-39E3-43E0-9B7F-F15E3CACCBD5}.Debug|Any CPU.ActiveCfg = Debug|Any CPU
		{3394F0BC-39E3-43E0-9B7F-F15E3CACCBD5}.Debug|Any CPU.Build.0 = Debug|Any CPU
		{3394F0BC-39E3-43E0-9B7F-F15E3CACCBD5}.Debug|x64.ActiveCfg = Debug|Any CPU
		{3394F0BC-39E3-43E0-9B7F-F15E3CACCBD5}.Debug|x64.Build.0 = Debug|Any CPU
		{3394F0BC-39E3-43E0-9B7F-F15E3CACCBD5}.Debug|x86.ActiveCfg = Debug|Any CPU
		{3394F0BC-39E3-43E0-9B7F-F15E3CACCBD5}.Debug|x86.Build.0 = Debug|Any CPU
		{3394F0BC-39E3-43E0-9B7F-F15E3CACCBD5}.Release|Any CPU.ActiveCfg = Release|Any CPU
		{3394F0BC-39E3-43E0-9B7F-F15E3CACCBD5}.Release|Any CPU.Build.0 = Release|Any CPU
		{3394F0BC-39E3-43E0-9B7F-F15E3CACCBD5}.Release|x64.ActiveCfg = Release|Any CPU
		{3394F0BC-39E3-43E0-9B7F-F15E3CACCBD5}.Release|x64.Build.0 = Release|Any CPU
		{3394F0BC-39E3-43E0-9B7F-F15E3CACCBD5}.Release|x86.ActiveCfg = Release|Any CPU
		{3394F0BC-39E3-43E0-9B7F-F15E3CACCBD5}.Release|x86.Build.0 = Release|Any CPU
		{297588F4-3F17-497F-9DCC-4E10CE5FA589}.Debug|Any CPU.ActiveCfg = Debug|Any CPU
		{297588F4-3F17-497F-9DCC-4E10CE5FA589}.Debug|Any CPU.Build.0 = Debug|Any CPU
		{297588F4-3F17-497F-9DCC-4E10CE5FA589}.Debug|x64.ActiveCfg = Debug|Any CPU
		{297588F4-3F17-497F-9DCC-4E10CE5FA589}.Debug|x64.Build.0 = Debug|Any CPU
		{297588F4-3F17-497F-9DCC-4E10CE5FA589}.Debug|x86.ActiveCfg = Debug|Any CPU
		{297588F4-3F17-497F-9DCC-4E10CE5FA589}.Debug|x86.Build.0 = Debug|Any CPU
		{297588F4-3F17-497F-9DCC-4E10CE5FA589}.Release|Any CPU.ActiveCfg = Release|Any CPU
		{297588F4-3F17-497F-9DCC-4E10CE5FA589}.Release|Any CPU.Build.0 = Release|Any CPU
		{297588F4-3F17-497F-9DCC-4E10CE5FA589}.Release|x64.ActiveCfg = Release|Any CPU
		{297588F4-3F17-497F-9DCC-4E10CE5FA589}.Release|x64.Build.0 = Release|Any CPU
		{297588F4-3F17-497F-9DCC-4E10CE5FA589}.Release|x86.ActiveCfg = Release|Any CPU
		{297588F4-3F17-497F-9DCC-4E10CE5FA589}.Release|x86.Build.0 = Release|Any CPU
	EndGlobalSection
	GlobalSection(SolutionProperties) = preSolution
		HideSolutionNode = FALSE
	EndGlobalSection
	GlobalSection(NestedProjects) = preSolution
		{403C4E36-3004-4AF2-AF6A-97DA5BB6102D} = {D62CB018-4A5E-45A9-9861-F808DEDC43C3}
		{57AD2964-2862-43D3-AF28-DDF23903BF0B} = {D62CB018-4A5E-45A9-9861-F808DEDC43C3}
		{45C67761-AFEC-412C-A5BF-320B123A198B} = {D62CB018-4A5E-45A9-9861-F808DEDC43C3}
		{4D062A2E-4BD6-4403-BC97-F54B69F1C755} = {D62CB018-4A5E-45A9-9861-F808DEDC43C3}
		{3394F0BC-39E3-43E0-9B7F-F15E3CACCBD5} = {D62CB018-4A5E-45A9-9861-F808DEDC43C3}
		{297588F4-3F17-497F-9DCC-4E10CE5FA589} = {D62CB018-4A5E-45A9-9861-F808DEDC43C3}
	EndGlobalSection
EndGlobal
